
Microsoft Visual Studio Solution File, Format Version 12.00
# Visual Studio Version 16
VisualStudioVersion = 16.0.30320.27
MinimumVisualStudioVersion = 10.0.40219.1
Project("{9A19103F-16F7-4668-BE54-9A1E7A4F7556}") = "WebApiKST", "WebApiKST\WebApiKST.csproj", "{3E1DD94F-B813-4ED0-94EE-703AFA7387D2}"
EndProject
Project("{2150E333-8FDC-42A3-9474-1A3956D46DE8}") = "Utils", "Utils", "{CBFF5417-AA5F-4642-BBB4-14F0954DCFB9}"
EndProject
Project("{2150E333-8FDC-42A3-9474-1A3956D46DE8}") = "3. Infrastructure", "3. Infrastructure", "{F9454AB3-1ED9-4FFE-A267-B1FA78560AF8}"
EndProject
Project("{FAE04EC0-301F-11D3-BF4B-00C04F79EFBC}") = "WebApiKST.infrastructure.Data", "WebApiKST.infrastructure.Data\WebApiKST.infrastructure.Data.csproj", "{749D8728-DE07-4EF4-8F0D-89F4B2828036}"
EndProject
Project("{2150E333-8FDC-42A3-9474-1A3956D46DE8}") = "2. Domain", "2. Domain", "{3F6C7B9D-7944-479E-BD6F-8E52BAA6CCC3}"
EndProject
Project("{2150E333-8FDC-42A3-9474-1A3956D46DE8}") = "1. Application", "1. Application", "{B2F6DA65-9AAD-44E3-A580-4F931FAE1C4B}"
EndProject
Project("{FAE04EC0-301F-11D3-BF4B-00C04F79EFBC}") = "WebApiKST.Domain.Service", "WebApiKST.Domain.Service\WebApiKST.Domain.Service.csproj", "{921FEC4F-704D-4E05-BEDB-0FBD4F725061}"
EndProject
Project("{FAE04EC0-301F-11D3-BF4B-00C04F79EFBC}") = "WebApiKST.Domain.Entities", "WebApiKST.Domain.Entities\WebApiKST.Domain.Entities.csproj", "{CD26D1D1-5E67-4E43-9334-58196C819D9F}"
EndProject
Project("{2150E333-8FDC-42A3-9474-1A3956D46DE8}") = "4. CrossCuting", "4. CrossCuting", "{83F4A3C0-DD8C-4085-8965-7117C7C06283}"
EndProject
Project("{2150E333-8FDC-42A3-9474-1A3956D46DE8}") = "Log", "Log", "{519DB738-8375-4191-8A3E-C7DB048A7134}"
EndProject
Project("{2150E333-8FDC-42A3-9474-1A3956D46DE8}") = "Utilities", "Utilities", "{A87E76AF-2951-4721-A549-F613FF4C0C2E}"
EndProject
Project("{FAE04EC0-301F-11D3-BF4B-00C04F79EFBC}") = "WebApiKST.CrossCuting.Utilities", "WebApiKST.CrossCuting.Utilities\WebApiKST.CrossCuting.Utilities.csproj", "{665DAB88-E52E-4952-9029-6456A3D4475C}"
EndProject
Global
	GlobalSection(SolutionConfigurationPlatforms) = preSolution
		Debug|Any CPU = Debug|Any CPU
		Release|Any CPU = Release|Any CPU
	EndGlobalSection
	GlobalSection(ProjectConfigurationPlatforms) = postSolution
		{3E1DD94F-B813-4ED0-94EE-703AFA7387D2}.Debug|Any CPU.ActiveCfg = Debug|Any CPU
		{3E1DD94F-B813-4ED0-94EE-703AFA7387D2}.Debug|Any CPU.Build.0 = Debug|Any CPU
		{3E1DD94F-B813-4ED0-94EE-703AFA7387D2}.Release|Any CPU.ActiveCfg = Release|Any CPU
		{3E1DD94F-B813-4ED0-94EE-703AFA7387D2}.Release|Any CPU.Build.0 = Release|Any CPU
		{749D8728-DE07-4EF4-8F0D-89F4B2828036}.Debug|Any CPU.ActiveCfg = Debug|Any CPU
		{749D8728-DE07-4EF4-8F0D-89F4B2828036}.Debug|Any CPU.Build.0 = Debug|Any CPU
		{749D8728-DE07-4EF4-8F0D-89F4B2828036}.Release|Any CPU.ActiveCfg = Release|Any CPU
		{749D8728-DE07-4EF4-8F0D-89F4B2828036}.Release|Any CPU.Build.0 = Release|Any CPU
		{921FEC4F-704D-4E05-BEDB-0FBD4F725061}.Debug|Any CPU.ActiveCfg = Debug|Any CPU
		{921FEC4F-704D-4E05-BEDB-0FBD4F725061}.Debug|Any CPU.Build.0 = Debug|Any CPU
		{921FEC4F-704D-4E05-BEDB-0FBD4F725061}.Release|Any CPU.ActiveCfg = Release|Any CPU
		{921FEC4F-704D-4E05-BEDB-0FBD4F725061}.Release|Any CPU.Build.0 = Release|Any CPU
		{CD26D1D1-5E67-4E43-9334-58196C819D9F}.Debug|Any CPU.ActiveCfg = Debug|Any CPU
		{CD26D1D1-5E67-4E43-9334-58196C819D9F}.Debug|Any CPU.Build.0 = Debug|Any CPU
		{CD26D1D1-5E67-4E43-9334-58196C819D9F}.Release|Any CPU.ActiveCfg = Release|Any CPU
		{CD26D1D1-5E67-4E43-9334-58196C819D9F}.Release|Any CPU.Build.0 = Release|Any CPU
		{665DAB88-E52E-4952-9029-6456A3D4475C}.Debug|Any CPU.ActiveCfg = Debug|Any CPU
		{665DAB88-E52E-4952-9029-6456A3D4475C}.Debug|Any CPU.Build.0 = Debug|Any CPU
		{665DAB88-E52E-4952-9029-6456A3D4475C}.Release|Any CPU.ActiveCfg = Release|Any CPU
		{665DAB88-E52E-4952-9029-6456A3D4475C}.Release|Any CPU.Build.0 = Release|Any CPU
	EndGlobalSection
	GlobalSection(SolutionProperties) = preSolution
		HideSolutionNode = FALSE
	EndGlobalSection
	GlobalSection(NestedProjects) = preSolution
		{3E1DD94F-B813-4ED0-94EE-703AFA7387D2} = {B2F6DA65-9AAD-44E3-A580-4F931FAE1C4B}
		{749D8728-DE07-4EF4-8F0D-89F4B2828036} = {F9454AB3-1ED9-4FFE-A267-B1FA78560AF8}
		{921FEC4F-704D-4E05-BEDB-0FBD4F725061} = {3F6C7B9D-7944-479E-BD6F-8E52BAA6CCC3}
		{CD26D1D1-5E67-4E43-9334-58196C819D9F} = {3F6C7B9D-7944-479E-BD6F-8E52BAA6CCC3}
		{519DB738-8375-4191-8A3E-C7DB048A7134} = {83F4A3C0-DD8C-4085-8965-7117C7C06283}
		{A87E76AF-2951-4721-A549-F613FF4C0C2E} = {83F4A3C0-DD8C-4085-8965-7117C7C06283}
		{665DAB88-E52E-4952-9029-6456A3D4475C} = {A87E76AF-2951-4721-A549-F613FF4C0C2E}
	EndGlobalSection
	GlobalSection(ExtensibilityGlobals) = postSolution
		SolutionGuid = {5846C89F-2CEA-452F-9DAA-2F454C7C2563}
	EndGlobalSection
EndGlobal
